
Microsoft Visual Studio Solution File, Format Version 12.00
# Visual Studio Version 16
VisualStudioVersion = 16.0.30128.74
MinimumVisualStudioVersion = 10.0.40219.1
Project("{FAE04EC0-301F-11D3-BF4B-00C04F79EFBC}") = "BookStoreCoreApp", "BookStoreCoreApp\BookStoreCoreApp.csproj", "{A0538784-8C76-4442-A6D1-9AF05E29CC73}"
EndProject
Global
	GlobalSection(SolutionConfigurationPlatforms) = preSolution
		Debug|Any CPU = Debug|Any CPU
		Release|Any CPU = Release|Any CPU
	EndGlobalSection
	GlobalSection(ProjectConfigurationPlatforms) = postSolution
		{A0538784-8C76-4442-A6D1-9AF05E29CC73}.Debug|Any CPU.ActiveCfg = Debug|Any CPU
		{A0538784-8C76-4442-A6D1-9AF05E29CC73}.Debug|Any CPU.Build.0 = Debug|Any CPU
		{A0538784-8C76-4442-A6D1-9AF05E29CC73}.Release|Any CPU.ActiveCfg = Release|Any CPU
		{A0538784-8C76-4442-A6D1-9AF05E29CC73}.Release|Any CPU.Build.0 = Release|Any CPU
	EndGlobalSection
	GlobalSection(SolutionProperties) = preSolution
		HideSolutionNode = FALSE
	EndGlobalSection
	GlobalSection(ExtensibilityGlobals) = postSolution
		SolutionGuid = {8C1551C6-401D-4BF3-B2D5-091BF09394E6}
	EndGlobalSection
EndGlobal
